github.com/Distortions81/namegenerator v0.0.0-20230828230518-3e564e6c64ce h1:Yz3dfZ/7OxXNGjbHZItpwdRJ2Odac+WU5lq5FjnaybQ=
github.com/Distortions81/namegenerator v0.0.0-20230828230518-3e564e6c64ce/go.mod h1:iWEfbboPULprn81oMFDmE62BfZiE7kD8EnxdDnm81Z8=
github.com/gorilla/websocket v1.5.3 h1:saDtZ6Pbx/0u+bgYQ3q96pZgCzfhKXGPqt7kZ72aNNg=
github.com/gorilla/websocket v1.5.3/go.mod h1:YR8l580nyteQvAITg2hZ9XVh4b55+EU/adAjf1fMHhE=
github.com/remeh/sizedwaitgroup v1.0.0 h1:VNGGFwNo/R5+MJBf6yrsr110p0m4/OX4S3DCy7Kyl5E=
github.com/remeh/sizedwaitgroup v1.0.0/go.mod h1:3j2R4OIe/SeS6YDhICBy22RWjJC5eNCJ1V+9+NVNYlo=
